// !$*UTF8*$!
{
	archiveVersion = 1;
	classes = {
	};
	objectVersion = 46;
	objects = {

/* Begin PBXBuildFile section */
		835589C71E505BFC00148403 /* AppDelegate.swift in Sources */ = {isa = PBXBuildFile; fileRef = 835589C61E505BFC00148403 /* AppDelegate.swift */; };
		835589C91E505BFC00148403 /* ViewController.swift in Sources */ = {isa = PBXBuildFile; fileRef = 835589C81E505BFC00148403 /* ViewController.swift */; };
		835589CC1E505BFC00148403 /* Main.storyboard in Resources */ = {isa = PBXBuildFile; fileRef = 835589CA1E505BFC00148403 /* Main.storyboard */; };
		835589CE1E505BFC00148403 /* Assets.xcassets in Resources */ = {isa = PBXBuildFile; fileRef = 835589CD1E505BFC00148403 /* Assets.xcassets */; };
		835589D11E505BFC00148403 /* LaunchScreen.storyboard in Resources */ = {isa = PBXBuildFile; fileRef = 835589CF1E505BFC00148403 /* LaunchScreen.storyboard */; };
/* End PBXBuildFile section */

/* Begin PBXFileReference section */
		835589C31E505BFC00148403 /* Game1.app */ = {isa = PBXFileReference; explicitFileType = wrapper.application; includeInIndex = 0; path = Game1.app; sourceTree = BUILT_PRODUCTS_DIR; };
		835589C61E505BFC00148403 /* AppDelegate.swift */ = {isa = PBXFileReference; lastKnownFileType = sourcecode.swift; path = AppDelegate.swift; sourceTree = "<group>"; };
		835589C81E505BFC00148403 /* ViewController.swift */ = {isa = PBXFileReference; lastKnownFileType = sourcecode.swift; path = ViewController.swift; sourceTree = "<group>"; };
		835589CB1E505BFC00148403 /* Base */ = {isa = PBXFileReference; lastKnownFileType = file.storyboard; name = Base; path = Base.lproj/Main.storyboard; sourceTree = "<group>"; };
		835589CD1E505BFC00148403 /* Assets.xcassets */ = {isa = PBXFileReference; lastKnownFileType = folder.assetcatalog; path = Assets.xcassets; sourceTree = "<group>"; };
		835589D01E505BFC00148403 /* Base */ = {isa = PBXFileReference; lastKnownFileType = file.storyboard; name = Base; path = Base.lproj/LaunchScreen.storyboard; sourceTree = "<group>"; };
		835589D21E505BFC00148403 /* Info.plist */ = {isa = PBXFileReference; lastKnownFileType = text.plist.xml; path = Info.plist; sourceTree = "<group>"; };
/* End PBXFileReference section */

/* Begin PBXFrameworksBuildPhase section */
		835589C01E505BFC00148403 /* Frameworks */ = {
			isa = PBXFrameworksBuildPhase;
			buildActionMask = 2147483647;
			files = (
			);
			runOnlyForDeploymentPostprocessing = 0;
		};
/* End PBXFrameworksBuildPhase section */

/* Begin PBXGroup section */
		835589BA1E505BFC00148403 = {
			isa = PBXGroup;
			children = (
				835589C51E505BFC00148403 /* Game1 */,
				835589C41E505BFC00148403 /* Products */,
			);
			sourceTree = "<group>";
		};
		835589C41E505BFC00148403 /* Products */ = {
			isa = PBXGroup;
			children = (
				835589C31E505BFC00148403 /* Game1.app */,
			);
			name = Products;
			sourceTree = "<group>";
		};
		835589C51E505BFC00148403 /* Game1 */ = {
			isa = PBXGroup;
			children = (
				835589C61E505BFC00148403 /* AppDelegate.swift */,
				835589C81E505BFC00148403 /* ViewController.swift */,
				835589CA1E505BFC00148403 /* Main.storyboard */,
				835589CD1E505BFC00148403 /* Assets.xcassets */,
				835589CF1E505BFC00148403 /* LaunchScreen.storyboard */,
				835589D21E505BFC00148403 /* Info.plist */,
			);
			path = Game1;
			sourceTree = "<group>";
		};
/* End PBXGroup section */

/* Begin PBXNativeTarget section */
		835589C21E505BFC00148403 /* Game1 */ = {
			isa = PBXNativeTarget;
			buildConfigurationList = 835589D51E505BFC00148403 /* Build configuration list for PBXNativeTarget "Game1" */;
			buildPhases = (
				835589BF1E505BFC00148403 /* Sources */,
				835589C01E505BFC00148403 /* Frameworks */,
				835589C11E505BFC00148403 /* Resources */,
			);
			buildRules = (
			);
			dependencies = (
			);
			name = Game1;
			productName = Game1;
			productReference = 835589C31E505BFC00148403 /* Game1.app */;
			productType = "com.apple.product-type.application";
		};
/* End PBXNativeTarget section */

/* Begin PBXProject section */
		835589BB1E505BFC00148403 /* Project object */ = {
			isa = PBXProject;
			attributes = {
				LastSwiftUpdateCheck = 0820;
				LastUpgradeCheck = 0820;
				ORGANIZATIONNAME = Chris.Cheng;
				TargetAttributes = {
					835589C21E505BFC00148403 = {
						CreatedOnToolsVersion = 8.2.1;
						DevelopmentTeam = 3MPF4KEC3N;
						ProvisioningStyle = Automatic;
					};
				};
			};
			buildConfigurationList = 835589BE1E505BFC00148403 /* Build configuration list for PBXProject "Game1" */;
			compatibilityVersion = "Xcode 3.2";
			developmentRegion = English;
			hasScannedForEncodings = 0;
			knownRegions = (
				en,
				Base,
			);
			mainGroup = 835589BA1E505BFC00148403;
			productRefGroup = 835589C41E505BFC00148403 /* Products */;
			projectDirPath = "";
			projectRoot = "";
			targets = (
				835589C21E505BFC00148403 /* Game1 */,
			);
		};
/* End PBXProject section */

/* Begin PBXResourcesBuildPhase section */
		835589C11E505BFC00148403 /* Resources */ = {
			isa = PBXResourcesBuildPhase;
			buildActionMask = 2147483647;
			files = (
				835589D11E505BFC00148403 /* LaunchScreen.storyboard in Resources */,
				835589CE1E505BFC00148403 /* Assets.xcassets in Resources */,
				835589CC1E505BFC00148403 /* Main.storyboard in Resources */,
			);
			runOnlyForDeploymentPostprocessing = 0;
		};
/* End PBXResourcesBuildPhase section */

/* Begin PBXSourcesBuildPhase section */
		835589BF1E505BFC00148403 /* Sources */ = {
			isa = PBXSourcesBuildPhase;
			buildActionMask = 2147483647;
			files = (
				835589C91E505BFC00148403 /* ViewController.swift in Sources */,
				835589C71E505BFC00148403 /* AppDelegate.swift in Sources */,
			);
			runOnlyForDeploymentPostprocessing = 0;
		};
/* End PBXSourcesBuildPhase section */

/* Begin PBXVariantGroup section */
		835589CA1E505BFC00148403 /* Main.storyboard */ = {
			isa = PBXVariantGroup;
			children = (
				835589CB1E505BFC00148403 /* Base */,
			);
			name = Main.storyboard;
			sourceTree = "<group>";
		};
		835589CF1E505BFC00148403 /* LaunchScreen.storyboard */ = {
			isa = PBXVariantGroup;
			children = (
				835589D01E505BFC00148403 /* Base */,
			);
			name = LaunchScreen.storyboard;
			sourceTree = "<group>";
		};
/* End PBXVariantGroup section */

/* Begin XCBuildConfiguration section */
		835589D31E505BFC00148403 /* Debug */ = {
			isa = XCBuildConfiguration;
			buildSettings = {
				ALWAYS_SEARCH_USER_PATHS = NO;
				CLANG_ANALYZER_NONNULL = YES;
				CLANG_CXX_LANGUAGE_STANDARD = "gnu++0x";
				CLANG_CXX_LIBRARY = "libc++";
				CLANG_ENABLE_MODULES = YES;
				CLANG_ENABLE_OBJC_ARC = YES;
				CLANG_WARN_BOOL_CONVERSION = YES;
				CLANG_WARN_CONSTANT_CONVERSION = YES;
				CLANG_WARN_DIRECT_OBJC_ISA_USAGE = YES_ERROR;
				CLANG_WARN_DOCUMENTATION_COMMENTS = YES;
				CLANG_WARN_EMPTY_BODY = YES;
				CLANG_WARN_ENUM_CONVERSION = YES;
				CLANG_WARN_INFINITE_RECURSION = YES;
				CLANG_WARN_INT_CONVERSION = YES;
				CLANG_WARN_OBJC_ROOT_CLASS = YES_ERROR;
				CLANG_WARN_SUSPICIOUS_MOVE = YES;
				CLANG_WARN_UNREACHABLE_CODE = YES;
				CLANG_WARN__DUPLICATE_METHOD_MATCH = YES;
				"CODE_SIGN_IDENTITY[sdk=iphoneos*]" = "iPhone Developer";
				COPY_PHASE_STRIP = NO;
				DEBUG_INFORMATION_FORMAT = dwarf;
				ENABLE_STRICT_OBJC_MSGSEND = YES;
				ENABLE_TESTABILITY = YES;
				GCC_C_LANGUAGE_STANDARD = gnu99;
				GCC_DYNAMIC_NO_PIC = NO;
				GCC_NO_COMMON_BLOCKS = YES;
				GCC_OPTIMIZATION_LEVEL = 0;
				GCC_PREPROCESSOR_DEFINITIONS = (
					"DEBUG=1",
					"$(inherited)",
				);
				GCC_WARN_64_TO_32_BIT_CONVERSION = YES;
				GCC_WARN_ABOUT_RETURN_TYPE = YES_ERROR;
				GCC_WARN_UNDECLARED_SELECTOR = YES;
				GCC_WARN_UNINITIALIZED_AUTOS = YES_AGGRESSIVE;
				GCC_WARN_UNUSED_FUNCTION = YES;
				GCC_WARN_UNUSED_VARIABLE = YES;
				IPHONEOS_DEPLOYMENT_TARGET = 10.2;
				MTL_ENABLE_DEBUG_INFO = YES;
				ONLY_ACTIVE_ARCH = YES;
				SDKROOT = iphoneos;
				SWIFT_ACTIVE_COMPILATION_CONDITIONS = DEBUG;
				SWIFT_OPTIMIZATION_LEVEL = "-Onone";
			};
			name = Debug;
		};
		835589D41E505BFC00148403 /* Release */ = {
			isa = XCBuildConfiguration;
			buildSettings = {
				ALWAYS_SEARCH_USER_PATHS = NO;
				CLANG_ANALYZER_NONNULL = YES;
				CLANG_CXX_LANGUAGE_STANDARD = "gnu++0x";
				CLANG_CXX_LIBRARY = "libc++";
				CLANG_ENABLE_MODULES = YES;
				CLANG_ENABLE_OBJC_ARC = YES;
				CLANG_WARN_BOOL_CONVERSION = YES;
				CLANG_WARN_CONSTANT_CONVERSION = YES;
				CLANG_WARN_DIRECT_OBJC_ISA_USAGE = YES_ERROR;
				CLANG_WARN_DOCUMENTATION_COMMENTS = YES;
				CLANG_WARN_EMPTY_BODY = YES;
				CLANG_WARN_ENUM_CONVERSION = YES;
				CLANG_WARN_INFINITE_RECURSION = YES;
				CLANG_WARN_INT_CONVERSION = YES;
				CLANG_WARN_OBJC_ROOT_CLASS = YES_ERROR;
				CLANG_WARN_SUSPICIOUS_MOVE = YES;
				CLANG_WARN_UNREACHABLE_CODE = YES;
				CLANG_WARN__DUPLICATE_METHOD_MATCH = YES;
				"CODE_SIGN_IDENTITY[sdk=iphoneos*]" = "iPhone Developer";
				COPY_PHASE_STRIP = NO;
				DEBUG_INFORMATION_FORMAT = "dwarf-with-dsym";
				ENABLE_NS_ASSERTIONS = NO;
				ENABLE_STRICT_OBJC_MSGSEND = YES;
				GCC_C_LANGUAGE_STANDARD = gnu99;
				GCC_NO_COMMON_BLOCKS = YES;
				GCC_WARN_64_TO_32_BIT_CONVERSION = YES;
				GCC_WARN_ABOUT_RETURN_TYPE = YES_ERROR;
				GCC_WARN_UNDECLARED_SELECTOR = YES;
				GCC_WARN_UNINITIALIZED_AUTOS = YES_AGGRESSIVE;
				GCC_WARN_UNUSED_FUNCTION = YES;
				GCC_WARN_UNUSED_VARIABLE = YES;
				IPHONEOS_DEPLOYMENT_TARGET = 10.2;
				MTL_ENABLE_DEBUG_INFO = NO;
				SDKROOT = iphoneos;
				SWIFT_OPTIMIZATION_LEVEL = "-Owholemodule";
				VALIDATE_PRODUCT = YES;
			};
			name = Release;
		};
		835589D61E505BFC00148403 /* Debug */ = {
			isa = XCBuildConfiguration;
			buildSettings = {
				ASSETCATALOG_COMPILER_APPICON_NAME = AppIcon;
				DEVELOPMENT_TEAM = 3MPF4KEC3N;
				INFOPLIST_FILE = Game1/Info.plist;
				LD_RUNPATH_SEARCH_PATHS = "$(inherited) @executable_path/Frameworks";
				PRODUCT_BUNDLE_IDENTIFIER = com.chris.Game1;
				PRODUCT_NAME = "$(TARGET_NAME)";
				SWIFT_VERSION = 3.0;
			};
			name = Debug;
		};
		835589D71E505BFC00148403 /* Release */ = {
			isa = XCBuildConfiguration;
			buildSettings = {
				ASSETCATALOG_COMPILER_APPICON_NAME = AppIcon;
				DEVELOPMENT_TEAM = 3MPF4KEC3N;
				INFOPLIST_FILE = Game1/Info.plist;
				LD_RUNPATH_SEARCH_PATHS = "$(inherited) @executable_path/Frameworks";
				PRODUCT_BUNDLE_IDENTIFIER = com.chris.Game1;
				PRODUCT_NAME = "$(TARGET_NAME)";
				SWIFT_VERSION = 3.0;
			};
			name = Release;
		};
/* End XCBuildConfiguration section */

/* Begin XCConfigurationList section */
		835589BE1E505BFC00148403 /* Build configuration list for PBXProject "Game1" */ = {
			isa = XCConfigurationList;
			buildConfigurations = (
				835589D31E505BFC00148403 /* Debug */,
				835589D41E505BFC00148403 /* Release */,
			);
			defaultConfigurationIsVisible = 0;
			defaultConfigurationName = Release;
		};
		835589D51E505BFC00148403 /* Build configuration list for PBXNativeTarget "Game1" */ = {
			isa = XCConfigurationList;
			buildConfigurations = (
				835589D61E505BFC00148403 /* Debug */,
				835589D71E505BFC00148403 /* Release */,
			);
			defaultConfigurationIsVisible = 0;
		};
/* End XCConfigurationList section */
	};
	rootObject = 835589BB1E505BFC00148403 /* Project object */;
}
